
Microsoft Visual Studio Solution File, Format Version 12.00
# Visual Studio Version 17
VisualStudioVersion = 17.7.34018.315
MinimumVisualStudioVersion = 10.0.40219.1
Project("{FAE04EC0-301F-11D3-BF4B-00C04F79EFBC}") = "UnitTest", "UnitTest.csproj", "{A2BE3935-1A76-4E49-A453-8C407B949A44}"
EndProject
Global
	GlobalSection(SolutionConfigurationPlatforms) = preSolution
		Debug|Any CPU = Debug|Any CPU
		Release|Any CPU = Release|Any CPU
	EndGlobalSection
	GlobalSection(ProjectConfigurationPlatforms) = postSolution
		{A2BE3935-1A76-4E49-A453-8C407B949A44}.Debug|Any CPU.ActiveCfg = Debug|Any CPU
		{A2BE3935-1A76-4E49-A453-8C407B949A44}.Debug|Any CPU.Build.0 = Debug|Any CPU
		{A2BE3935-1A76-4E49-A453-8C407B949A44}.Release|Any CPU.ActiveCfg = Release|Any CPU
		{A2BE3935-1A76-4E49-A453-8C407B949A44}.Release|Any CPU.Build.0 = Release|Any CPU
	EndGlobalSection
	GlobalSection(SolutionProperties) = preSolution
		HideSolutionNode = FALSE
	EndGlobalSection
	GlobalSection(ExtensibilityGlobals) = postSolution
		SolutionGuid = {0DDB2E67-0BBC-4855-A3A8-FB53E277BB3A}
	EndGlobalSection
EndGlobal
